
Microsoft Visual Studio Solution File, Format Version 12.00
# Visual Studio Version 17
VisualStudioVersion = 17.2.32616.157
MinimumVisualStudioVersion = 10.0.40219.1
Project("{FAE04EC0-301F-11D3-BF4B-00C04F79EFBC}") = "testeADO", "testeADO\testeADO.csproj", "{6A056DBE-7592-49F5-9AA3-4B77C4F9E168}"
EndProject
Global
	GlobalSection(SolutionConfigurationPlatforms) = preSolution
		Debug|Any CPU = Debug|Any CPU
		Release|Any CPU = Release|Any CPU
	EndGlobalSection
	GlobalSection(ProjectConfigurationPlatforms) = postSolution
		{6A056DBE-7592-49F5-9AA3-4B77C4F9E168}.Debug|Any CPU.ActiveCfg = Debug|Any CPU
		{6A056DBE-7592-49F5-9AA3-4B77C4F9E168}.Debug|Any CPU.Build.0 = Debug|Any CPU
		{6A056DBE-7592-49F5-9AA3-4B77C4F9E168}.Release|Any CPU.ActiveCfg = Release|Any CPU
		{6A056DBE-7592-49F5-9AA3-4B77C4F9E168}.Release|Any CPU.Build.0 = Release|Any CPU
	EndGlobalSection
	GlobalSection(SolutionProperties) = preSolution
		HideSolutionNode = FALSE
	EndGlobalSection
	GlobalSection(ExtensibilityGlobals) = postSolution
		SolutionGuid = {0AA3A05A-EBC6-412B-B1A2-0342A0D4AD94}
	EndGlobalSection
EndGlobal
